
Microsoft Visual Studio Solution File, Format Version 12.00
# Visual Studio 15
VisualStudioVersion = 15.0.27130.2024
MinimumVisualStudioVersion = 10.0.40219.1
Project("{FAE04EC0-301F-11D3-BF4B-00C04F79EFBC}") = "TP.Editor", "GeneralLibs\TP.Editor\TP.Editor.csproj", "{624BCB41-F6BD-4F6A-9712-9506165A1BB4}"
EndProject
Project("{FAE04EC0-301F-11D3-BF4B-00C04F79EFBC}") = "TP.Services", "GeneralLibs\TP.Services\TP.Services.csproj", "{A5712C85-F36C-4DD6-BAD7-F23D3E351032}"
EndProject
Project("{FAE04EC0-301F-11D3-BF4B-00C04F79EFBC}") = "TP.Services.Format", "GeneralLibs\TP.Services.Format\TP.Services.Format.csproj", "{CF56A7B3-193F-4F6D-AD67-C2031AB7C4B7}"
EndProject
Project("{FAE04EC0-301F-11D3-BF4B-00C04F79EFBC}") = "DemoCmdApplication", "DemoCmdApplication\DemoCmdApplication.csproj", "{C12DEADD-0BDC-49B5-843C-5C46A2C70FB8}"
EndProject
Project("{2150E333-8FDC-42A3-9474-1A3956D46DE8}") = "Editor", "Editor", "{1551AB33-B9F6-42DE-B855-000E83FD7BC2}"
EndProject
Project("{2150E333-8FDC-42A3-9474-1A3956D46DE8}") = "Services", "Services", "{BCB7D57B-B19D-4E81-A6BB-8BE9BC5058CA}"
EndProject
Project("{2150E333-8FDC-42A3-9474-1A3956D46DE8}") = "Applications", "Applications", "{E04853BA-30AC-4B6E-9814-601721D5A7D5}"
EndProject
Project("{FAE04EC0-301F-11D3-BF4B-00C04F79EFBC}") = "TP.Services.Notification", "GeneralLibs\TP.Services.Notification\TP.Services.Notification\TP.Services.Notification.csproj", "{162C62F9-5BC6-43FE-BA23-1317BAA2345F}"
EndProject
Global
	GlobalSection(SolutionConfigurationPlatforms) = preSolution
		Debug|Any CPU = Debug|Any CPU
		Debug|x64 = Debug|x64
		Release|Any CPU = Release|Any CPU
		Release|x64 = Release|x64
	EndGlobalSection
	GlobalSection(ProjectConfigurationPlatforms) = postSolution
		{624BCB41-F6BD-4F6A-9712-9506165A1BB4}.Debug|Any CPU.ActiveCfg = Debug|Any CPU
		{624BCB41-F6BD-4F6A-9712-9506165A1BB4}.Debug|Any CPU.Build.0 = Debug|Any CPU
		{624BCB41-F6BD-4F6A-9712-9506165A1BB4}.Debug|x64.ActiveCfg = Debug|x64
		{624BCB41-F6BD-4F6A-9712-9506165A1BB4}.Debug|x64.Build.0 = Debug|x64
		{624BCB41-F6BD-4F6A-9712-9506165A1BB4}.Release|Any CPU.ActiveCfg = Release|Any CPU
		{624BCB41-F6BD-4F6A-9712-9506165A1BB4}.Release|Any CPU.Build.0 = Release|Any CPU
		{624BCB41-F6BD-4F6A-9712-9506165A1BB4}.Release|x64.ActiveCfg = Release|x64
		{624BCB41-F6BD-4F6A-9712-9506165A1BB4}.Release|x64.Build.0 = Release|x64
		{A5712C85-F36C-4DD6-BAD7-F23D3E351032}.Debug|Any CPU.ActiveCfg = Debug|Any CPU
		{A5712C85-F36C-4DD6-BAD7-F23D3E351032}.Debug|Any CPU.Build.0 = Debug|Any CPU
		{A5712C85-F36C-4DD6-BAD7-F23D3E351032}.Debug|x64.ActiveCfg = Debug|x64
		{A5712C85-F36C-4DD6-BAD7-F23D3E351032}.Debug|x64.Build.0 = Debug|x64
		{A5712C85-F36C-4DD6-BAD7-F23D3E351032}.Release|Any CPU.ActiveCfg = Release|Any CPU
		{A5712C85-F36C-4DD6-BAD7-F23D3E351032}.Release|Any CPU.Build.0 = Release|Any CPU
		{A5712C85-F36C-4DD6-BAD7-F23D3E351032}.Release|x64.ActiveCfg = Release|x64
		{A5712C85-F36C-4DD6-BAD7-F23D3E351032}.Release|x64.Build.0 = Release|x64
		{CF56A7B3-193F-4F6D-AD67-C2031AB7C4B7}.Debug|Any CPU.ActiveCfg = Debug|Any CPU
		{CF56A7B3-193F-4F6D-AD67-C2031AB7C4B7}.Debug|Any CPU.Build.0 = Debug|Any CPU
		{CF56A7B3-193F-4F6D-AD67-C2031AB7C4B7}.Debug|x64.ActiveCfg = Debug|x64
		{CF56A7B3-193F-4F6D-AD67-C2031AB7C4B7}.Debug|x64.Build.0 = Debug|x64
		{CF56A7B3-193F-4F6D-AD67-C2031AB7C4B7}.Release|Any CPU.ActiveCfg = Release|Any CPU
		{CF56A7B3-193F-4F6D-AD67-C2031AB7C4B7}.Release|Any CPU.Build.0 = Release|Any CPU
		{CF56A7B3-193F-4F6D-AD67-C2031AB7C4B7}.Release|x64.ActiveCfg = Release|x64
		{CF56A7B3-193F-4F6D-AD67-C2031AB7C4B7}.Release|x64.Build.0 = Release|x64
		{C12DEADD-0BDC-49B5-843C-5C46A2C70FB8}.Debug|Any CPU.ActiveCfg = Debug|Any CPU
		{C12DEADD-0BDC-49B5-843C-5C46A2C70FB8}.Debug|Any CPU.Build.0 = Debug|Any CPU
		{C12DEADD-0BDC-49B5-843C-5C46A2C70FB8}.Debug|x64.ActiveCfg = Debug|x64
		{C12DEADD-0BDC-49B5-843C-5C46A2C70FB8}.Debug|x64.Build.0 = Debug|x64
		{C12DEADD-0BDC-49B5-843C-5C46A2C70FB8}.Release|Any CPU.ActiveCfg = Release|Any CPU
		{C12DEADD-0BDC-49B5-843C-5C46A2C70FB8}.Release|Any CPU.Build.0 = Release|Any CPU
		{C12DEADD-0BDC-49B5-843C-5C46A2C70FB8}.Release|x64.ActiveCfg = Release|Any CPU
		{C12DEADD-0BDC-49B5-843C-5C46A2C70FB8}.Release|x64.Build.0 = Release|Any CPU
		{162C62F9-5BC6-43FE-BA23-1317BAA2345F}.Debug|Any CPU.ActiveCfg = Debug|Any CPU
		{162C62F9-5BC6-43FE-BA23-1317BAA2345F}.Debug|Any CPU.Build.0 = Debug|Any CPU
		{162C62F9-5BC6-43FE-BA23-1317BAA2345F}.Debug|x64.ActiveCfg = Debug|Any CPU
		{162C62F9-5BC6-43FE-BA23-1317BAA2345F}.Debug|x64.Build.0 = Debug|Any CPU
		{162C62F9-5BC6-43FE-BA23-1317BAA2345F}.Release|Any CPU.ActiveCfg = Release|Any CPU
		{162C62F9-5BC6-43FE-BA23-1317BAA2345F}.Release|Any CPU.Build.0 = Release|Any CPU
		{162C62F9-5BC6-43FE-BA23-1317BAA2345F}.Release|x64.ActiveCfg = Release|Any CPU
		{162C62F9-5BC6-43FE-BA23-1317BAA2345F}.Release|x64.Build.0 = Release|Any CPU
	EndGlobalSection
	GlobalSection(SolutionProperties) = preSolution
		HideSolutionNode = FALSE
	EndGlobalSection
	GlobalSection(NestedProjects) = preSolution
		{624BCB41-F6BD-4F6A-9712-9506165A1BB4} = {1551AB33-B9F6-42DE-B855-000E83FD7BC2}
		{A5712C85-F36C-4DD6-BAD7-F23D3E351032} = {BCB7D57B-B19D-4E81-A6BB-8BE9BC5058CA}
		{CF56A7B3-193F-4F6D-AD67-C2031AB7C4B7} = {BCB7D57B-B19D-4E81-A6BB-8BE9BC5058CA}
		{C12DEADD-0BDC-49B5-843C-5C46A2C70FB8} = {E04853BA-30AC-4B6E-9814-601721D5A7D5}
		{162C62F9-5BC6-43FE-BA23-1317BAA2345F} = {BCB7D57B-B19D-4E81-A6BB-8BE9BC5058CA}
	EndGlobalSection
	GlobalSection(ExtensibilityGlobals) = postSolution
		SolutionGuid = {81F683E4-FD58-42EE-86CE-E4EA63268A0F}
	EndGlobalSection
EndGlobal
